
Microsoft Visual Studio Solution File, Format Version 12.00
# Visual Studio Version 16
VisualStudioVersion = 16.0.30413.136
MinimumVisualStudioVersion = 10.0.40219.1
Project("{FAE04EC0-301F-11D3-BF4B-00C04F79EFBC}") = "Part1", "Part1\Part1.csproj", "{E3BADB82-C5A4-453F-9C6E-E5BD0240AAC2}"
EndProject
Project("{FAE04EC0-301F-11D3-BF4B-00C04F79EFBC}") = "Part2", "Part2\Part2.csproj", "{1F8DFBA6-88B4-4494-88E3-8262CE6CA921}"
EndProject
Global
	GlobalSection(SolutionConfigurationPlatforms) = preSolution
		Debug|Any CPU = Debug|Any CPU
		Release|Any CPU = Release|Any CPU
	EndGlobalSection
	GlobalSection(ProjectConfigurationPlatforms) = postSolution
		{E3BADB82-C5A4-453F-9C6E-E5BD0240AAC2}.Debug|Any CPU.ActiveCfg = Debug|Any CPU
		{E3BADB82-C5A4-453F-9C6E-E5BD0240AAC2}.Debug|Any CPU.Build.0 = Debug|Any CPU
		{E3BADB82-C5A4-453F-9C6E-E5BD0240AAC2}.Release|Any CPU.ActiveCfg = Release|Any CPU
		{E3BADB82-C5A4-453F-9C6E-E5BD0240AAC2}.Release|Any CPU.Build.0 = Release|Any CPU
		{1F8DFBA6-88B4-4494-88E3-8262CE6CA921}.Debug|Any CPU.ActiveCfg = Debug|Any CPU
		{1F8DFBA6-88B4-4494-88E3-8262CE6CA921}.Debug|Any CPU.Build.0 = Debug|Any CPU
		{1F8DFBA6-88B4-4494-88E3-8262CE6CA921}.Release|Any CPU.ActiveCfg = Release|Any CPU
		{1F8DFBA6-88B4-4494-88E3-8262CE6CA921}.Release|Any CPU.Build.0 = Release|Any CPU
	EndGlobalSection
	GlobalSection(SolutionProperties) = preSolution
		HideSolutionNode = FALSE
	EndGlobalSection
	GlobalSection(ExtensibilityGlobals) = postSolution
		SolutionGuid = {1E11CED6-8CE7-4593-AFDF-E69C21583F5E}
	EndGlobalSection
EndGlobal
